// !$*UTF8*$!
{
	archiveVersion = 1;
	classes = {
	};
	objectVersion = 50;
	objects = {

/* Begin PBXBuildFile section */
		3211C7D72719F1AB00D4D710 /* LICENSE in Resources */ = {isa = PBXBuildFile; fileRef = 3211C7D62719F1AB00D4D710 /* LICENSE */; };
		3211C7D92719F55700D4D710 /* ScrumsView.swift in Sources */ = {isa = PBXBuildFile; fileRef = 3211C7D82719F55700D4D710 /* ScrumsView.swift */; };
		324869E22714FD770053D922 /* CardView.swift in Sources */ = {isa = PBXBuildFile; fileRef = 324869E12714FD770053D922 /* CardView.swift */; };
		324C7DD92719E87A00D35EBC /* Color+Codable.swift in Sources */ = {isa = PBXBuildFile; fileRef = 324C7DD82719E87A00D35EBC /* Color+Codable.swift */; };
		324C7DDB2719E89100D35EBC /* Models in Resources */ = {isa = PBXBuildFile; fileRef = 324C7DDA2719E89100D35EBC /* Models */; };
		324C7DDD2719E89F00D35EBC /* Assets.xcassets in Resources */ = {isa = PBXBuildFile; fileRef = 324C7DDC2719E89F00D35EBC /* Assets.xcassets */; };
		324C7DDF2719E8B500D35EBC /* DailyScrum.swift in Sources */ = {isa = PBXBuildFile; fileRef = 324C7DDE2719E8B500D35EBC /* DailyScrum.swift */; };
		329B4BF0272109E30010FDA2 /* EditView.swift in Sources */ = {isa = PBXBuildFile; fileRef = 329B4BEF272109E30010FDA2 /* EditView.swift */; };
		329F4EE8271C771E00FED5A6 /* DetailView.swift in Sources */ = {isa = PBXBuildFile; fileRef = 329F4EE7271C771E00FED5A6 /* DetailView.swift */; };
		32CB567227146723009C95D9 /* ScrumdingerApp.swift in Sources */ = {isa = PBXBuildFile; fileRef = 32CB567127146723009C95D9 /* ScrumdingerApp.swift */; };
		32CB567427146723009C95D9 /* MeetingView.swift in Sources */ = {isa = PBXBuildFile; fileRef = 32CB567327146723009C95D9 /* MeetingView.swift */; };
		32CB567927146725009C95D9 /* Preview Assets.xcassets in Resources */ = {isa = PBXBuildFile; fileRef = 32CB567827146725009C95D9 /* Preview Assets.xcassets */; };
/* End PBXBuildFile section */

/* Begin PBXContainerItemProxy section */
		32CB568027146725009C95D9 /* PBXContainerItemProxy */ = {
			isa = PBXContainerItemProxy;
			containerPortal = 32CB566627146723009C95D9 /* Project object */;
			proxyType = 1;
			remoteGlobalIDString = 32CB566D27146723009C95D9;
			remoteInfo = Scrumdinger;
		};
		32CB568B27146725009C95D9 /* PBXContainerItemProxy */ = {
			isa = PBXContainerItemProxy;
			containerPortal = 32CB566627146723009C95D9 /* Project object */;
			proxyType = 1;
			remoteGlobalIDString = 32CB566D27146723009C95D9;
			remoteInfo = Scrumdinger;
		};
/* End PBXContainerItemProxy section */

/* Begin PBXFileReference section */
		3211C7D62719F1AB00D4D710 /* LICENSE */ = {isa = PBXFileReference; lastKnownFileType = folder; name = LICENSE; path = ../LICENSE; sourceTree = "<group>"; };
		3211C7D82719F55700D4D710 /* ScrumsView.swift */ = {isa = PBXFileReference; lastKnownFileType = sourcecode.swift; path = ScrumsView.swift; sourceTree = "<group>"; };
		324869E12714FD770053D922 /* CardView.swift */ = {isa = PBXFileReference; lastKnownFileType = sourcecode.swift; path = CardView.swift; sourceTree = "<group>"; };
		324C7DD82719E87A00D35EBC /* Color+Codable.swift */ = {isa = PBXFileReference; fileEncoding = 4; lastKnownFileType = sourcecode.swift; path = "Color+Codable.swift"; sourceTree = "<group>"; };
		324C7DDA2719E89100D35EBC /* Models */ = {isa = PBXFileReference; lastKnownFileType = folder; path = Models; sourceTree = "<group>"; };
		324C7DDC2719E89F00D35EBC /* Assets.xcassets */ = {isa = PBXFileReference; lastKnownFileType = folder.assetcatalog; path = Assets.xcassets; sourceTree = "<group>"; };
		324C7DDE2719E8B500D35EBC /* DailyScrum.swift */ = {isa = PBXFileReference; fileEncoding = 4; lastKnownFileType = sourcecode.swift; name = DailyScrum.swift; path = Models/DailyScrum.swift; sourceTree = "<group>"; };
		329B4BEF272109E30010FDA2 /* EditView.swift */ = {isa = PBXFileReference; lastKnownFileType = sourcecode.swift; path = EditView.swift; sourceTree = "<group>"; };
		329F4EE7271C771E00FED5A6 /* DetailView.swift */ = {isa = PBXFileReference; lastKnownFileType = sourcecode.swift; path = DetailView.swift; sourceTree = "<group>"; };
		32CB566E27146723009C95D9 /* Scrumdinger.app */ = {isa = PBXFileReference; explicitFileType = wrapper.application; includeInIndex = 0; path = Scrumdinger.app; sourceTree = BUILT_PRODUCTS_DIR; };
		32CB567127146723009C95D9 /* ScrumdingerApp.swift */ = {isa = PBXFileReference; lastKnownFileType = sourcecode.swift; path = ScrumdingerApp.swift; sourceTree = "<group>"; };
		32CB567327146723009C95D9 /* MeetingView.swift */ = {isa = PBXFileReference; lastKnownFileType = sourcecode.swift; path = MeetingView.swift; sourceTree = "<group>"; };
		32CB567827146725009C95D9 /* Preview Assets.xcassets */ = {isa = PBXFileReference; lastKnownFileType = folder.assetcatalog; path = "Preview Assets.xcassets"; sourceTree = "<group>"; };
		32CB567A27146725009C95D9 /* Info.plist */ = {isa = PBXFileReference; lastKnownFileType = text.plist.xml; path = Info.plist; sourceTree = "<group>"; };
		32CB567F27146725009C95D9 /* ScrumdingerTests.xctest */ = {isa = PBXFileReference; explicitFileType = wrapper.cfbundle; includeInIndex = 0; path = ScrumdingerTests.xctest; sourceTree = BUILT_PRODUCTS_DIR; };
		32CB568A27146725009C95D9 /* ScrumdingerUITests.xctest */ = {isa = PBXFileReference; explicitFileType = wrapper.cfbundle; includeInIndex = 0; path = ScrumdingerUITests.xctest; sourceTree = BUILT_PRODUCTS_DIR; };
/* End PBXFileReference section */

/* Begin PBXFrameworksBuildPhase section */
		32CB566B27146723009C95D9 /* Frameworks */ = {
			isa = PBXFrameworksBuildPhase;
			buildActionMask = 2147483647;
			files = (
			);
			runOnlyForDeploymentPostprocessing = 0;
		};
		32CB567C27146725009C95D9 /* Frameworks */ = {
			isa = PBXFrameworksBuildPhase;
			buildActionMask = 2147483647;
			files = (
			);
			runOnlyForDeploymentPostprocessing = 0;
		};
		32CB568727146725009C95D9 /* Frameworks */ = {
			isa = PBXFrameworksBuildPhase;
			buildActionMask = 2147483647;
			files = (
			);
			runOnlyForDeploymentPostprocessing = 0;
		};
/* End PBXFrameworksBuildPhase section */

/* Begin PBXGroup section */
		32CB566527146723009C95D9 = {
			isa = PBXGroup;
			children = (
				32CB567027146723009C95D9 /* Scrumdinger */,
				3211C7D62719F1AB00D4D710 /* LICENSE */,
			);
			sourceTree = "<group>";
		};
		32CB566F27146723009C95D9 /* Products */ = {
			isa = PBXGroup;
			children = (
				32CB566E27146723009C95D9 /* Scrumdinger.app */,
				32CB567F27146725009C95D9 /* ScrumdingerTests.xctest */,
				32CB568A27146725009C95D9 /* ScrumdingerUITests.xctest */,
			);
			name = Products;
			path = ..;
			sourceTree = "<group>";
		};
		32CB567027146723009C95D9 /* Scrumdinger */ = {
			isa = PBXGroup;
			children = (
				32CB567127146723009C95D9 /* ScrumdingerApp.swift */,
				32CB567327146723009C95D9 /* MeetingView.swift */,
				324C7DDA2719E89100D35EBC /* Models */,
				324C7DDC2719E89F00D35EBC /* Assets.xcassets */,
				324C7DD82719E87A00D35EBC /* Color+Codable.swift */,
				32CB567A27146725009C95D9 /* Info.plist */,
				32CB567727146725009C95D9 /* Preview Content */,
				324869E12714FD770053D922 /* CardView.swift */,
				324C7DDE2719E8B500D35EBC /* DailyScrum.swift */,
				329B4BEF272109E30010FDA2 /* EditView.swift */,
				3211C7D82719F55700D4D710 /* ScrumsView.swift */,
				329F4EE7271C771E00FED5A6 /* DetailView.swift */,
				32CB566F27146723009C95D9 /* Products */,
			);
			path = Scrumdinger;
			sourceTree = "<group>";
		};
		32CB567727146725009C95D9 /* Preview Content */ = {
			isa = PBXGroup;
			children = (
				32CB567827146725009C95D9 /* Preview Assets.xcassets */,
			);
			path = "Preview Content";
			sourceTree = "<group>";
		};
/* End PBXGroup section */

/* Begin PBXNativeTarget section */
		32CB566D27146723009C95D9 /* Scrumdinger */ = {
			isa = PBXNativeTarget;
			buildConfigurationList = 32CB569327146725009C95D9 /* Build configuration list for PBXNativeTarget "Scrumdinger" */;
			buildPhases = (
				32CB566A27146723009C95D9 /* Sources */,
				32CB566B27146723009C95D9 /* Frameworks */,
				32CB566C27146723009C95D9 /* Resources */,
			);
			buildRules = (
			);
			dependencies = (
			);
			name = Scrumdinger;
			productName = Scrumdinger;
			productReference = 32CB566E27146723009C95D9 /* Scrumdinger.app */;
			productType = "com.apple.product-type.application";
		};
		32CB567E27146725009C95D9 /* ScrumdingerTests */ = {
			isa = PBXNativeTarget;
			buildConfigurationList = 32CB569627146725009C95D9 /* Build configuration list for PBXNativeTarget "ScrumdingerTests" */;
			buildPhases = (
				32CB567B27146725009C95D9 /* Sources */,
				32CB567C27146725009C95D9 /* Frameworks */,
				32CB567D27146725009C95D9 /* Resources */,
			);
			buildRules = (
			);
			dependencies = (
				32CB568127146725009C95D9 /* PBXTargetDependency */,
			);
			name = ScrumdingerTests;
			productName = ScrumdingerTests;
			productReference = 32CB567F27146725009C95D9 /* ScrumdingerTests.xctest */;
			productType = "com.apple.product-type.bundle.unit-test";
		};
		32CB568927146725009C95D9 /* ScrumdingerUITests */ = {
			isa = PBXNativeTarget;
			buildConfigurationList = 32CB569927146725009C95D9 /* Build configuration list for PBXNativeTarget "ScrumdingerUITests" */;
			buildPhases = (
				32CB568627146725009C95D9 /* Sources */,
				32CB568727146725009C95D9 /* Frameworks */,
				32CB568827146725009C95D9 /* Resources */,
			);
			buildRules = (
			);
			dependencies = (
				32CB568C27146725009C95D9 /* PBXTargetDependency */,
			);
			name = ScrumdingerUITests;
			productName = ScrumdingerUITests;
			productReference = 32CB568A27146725009C95D9 /* ScrumdingerUITests.xctest */;
			productType = "com.apple.product-type.bundle.ui-testing";
		};
/* End PBXNativeTarget section */

/* Begin PBXProject section */
		32CB566627146723009C95D9 /* Project object */ = {
			isa = PBXProject;
			attributes = {
				LastSwiftUpdateCheck = 1250;
				LastUpgradeCheck = 1250;
				TargetAttributes = {
					32CB566D27146723009C95D9 = {
						CreatedOnToolsVersion = 12.5.1;
					};
					32CB567E27146725009C95D9 = {
						CreatedOnToolsVersion = 12.5.1;
						TestTargetID = 32CB566D27146723009C95D9;
					};
					32CB568927146725009C95D9 = {
						CreatedOnToolsVersion = 12.5.1;
						TestTargetID = 32CB566D27146723009C95D9;
					};
				};
			};
			buildConfigurationList = 32CB566927146723009C95D9 /* Build configuration list for PBXProject "Scrumdinger" */;
			compatibilityVersion = "Xcode 9.3";
			developmentRegion = en;
			hasScannedForEncodings = 0;
			knownRegions = (
				en,
				Base,
			);
			mainGroup = 32CB566527146723009C95D9;
			productRefGroup = 32CB566F27146723009C95D9 /* Products */;
			projectDirPath = "";
			projectRoot = "";
			targets = (
				32CB566D27146723009C95D9 /* Scrumdinger */,
				32CB567E27146725009C95D9 /* ScrumdingerTests */,
				32CB568927146725009C95D9 /* ScrumdingerUITests */,
			);
		};
/* End PBXProject section */

/* Begin PBXResourcesBuildPhase section */
		32CB566C27146723009C95D9 /* Resources */ = {
			isa = PBXResourcesBuildPhase;
			buildActionMask = 2147483647;
			files = (
				324C7DDB2719E89100D35EBC /* Models in Resources */,
				324C7DDD2719E89F00D35EBC /* Assets.xcassets in Resources */,
				3211C7D72719F1AB00D4D710 /* LICENSE in Resources */,
				32CB567927146725009C95D9 /* Preview Assets.xcassets in Resources */,
			);
			runOnlyForDeploymentPostprocessing = 0;
		};
		32CB567D27146725009C95D9 /* Resources */ = {
			isa = PBXResourcesBuildPhase;
			buildActionMask = 2147483647;
			files = (
			);
			runOnlyForDeploymentPostprocessing = 0;
		};
		32CB568827146725009C95D9 /* Resources */ = {
			isa = PBXResourcesBuildPhase;
			buildActionMask = 2147483647;
			files = (
			);
			runOnlyForDeploymentPostprocessing = 0;
		};
/* End PBXResourcesBuildPhase section */

/* Begin PBXSourcesBuildPhase section */
		32CB566A27146723009C95D9 /* Sources */ = {
			isa = PBXSourcesBuildPhase;
			buildActionMask = 2147483647;
			files = (
				32CB567427146723009C95D9 /* MeetingView.swift in Sources */,
				3211C7D92719F55700D4D710 /* ScrumsView.swift in Sources */,
				329B4BF0272109E30010FDA2 /* EditView.swift in Sources */,
				324869E22714FD770053D922 /* CardView.swift in Sources */,
				329F4EE8271C771E00FED5A6 /* DetailView.swift in Sources */,
				324C7DDF2719E8B500D35EBC /* DailyScrum.swift in Sources */,
				324C7DD92719E87A00D35EBC /* Color+Codable.swift in Sources */,
				32CB567227146723009C95D9 /* ScrumdingerApp.swift in Sources */,
			);
			runOnlyForDeploymentPostprocessing = 0;
		};
		32CB567B27146725009C95D9 /* Sources */ = {
			isa = PBXSourcesBuildPhase;
			buildActionMask = 2147483647;
			files = (
			);
			runOnlyForDeploymentPostprocessing = 0;
		};
		32CB568627146725009C95D9 /* Sources */ = {
			isa = PBXSourcesBuildPhase;
			buildActionMask = 2147483647;
			files = (
			);
			runOnlyForDeploymentPostprocessing = 0;
		};
/* End PBXSourcesBuildPhase section */

/* Begin PBXTargetDependency section */
		32CB568127146725009C95D9 /* PBXTargetDependency */ = {
			isa = PBXTargetDependency;
			target = 32CB566D27146723009C95D9 /* Scrumdinger */;
			targetProxy = 32CB568027146725009C95D9 /* PBXContainerItemProxy */;
		};
		32CB568C27146725009C95D9 /* PBXTargetDependency */ = {
			isa = PBXTargetDependency;
			target = 32CB566D27146723009C95D9 /* Scrumdinger */;
			targetProxy = 32CB568B27146725009C95D9 /* PBXContainerItemProxy */;
		};
/* End PBXTargetDependency section */

/* Begin XCBuildConfiguration section */
		32CB569127146725009C95D9 /* Debug */ = {
			isa = XCBuildConfiguration;
			buildSettings = {
				ALWAYS_SEARCH_USER_PATHS = NO;
				CLANG_ANALYZER_NONNULL = YES;
				CLANG_ANALYZER_NUMBER_OBJECT_CONVERSION = YES_AGGRESSIVE;
				CLANG_CXX_LANGUAGE_STANDARD = "gnu++14";
				CLANG_CXX_LIBRARY = "libc++";
				CLANG_ENABLE_MODULES = YES;
				CLANG_ENABLE_OBJC_ARC = YES;
				CLANG_ENABLE_OBJC_WEAK = YES;
				CLANG_WARN_BLOCK_CAPTURE_AUTORELEASING = YES;
				CLANG_WARN_BOOL_CONVERSION = YES;
				CLANG_WARN_COMMA = YES;
				CLANG_WARN_CONSTANT_CONVERSION = YES;
				CLANG_WARN_DEPRECATED_OBJC_IMPLEMENTATIONS = YES;
				CLANG_WARN_DIRECT_OBJC_ISA_USAGE = YES_ERROR;
				CLANG_WARN_DOCUMENTATION_COMMENTS = YES;
				CLANG_WARN_EMPTY_BODY = YES;
				CLANG_WARN_ENUM_CONVERSION = YES;
				CLANG_WARN_INFINITE_RECURSION = YES;
				CLANG_WARN_INT_CONVERSION = YES;
				CLANG_WARN_NON_LITERAL_NULL_CONVERSION = YES;
				CLANG_WARN_OBJC_IMPLICIT_RETAIN_SELF = YES;
				CLANG_WARN_OBJC_LITERAL_CONVERSION = YES;
				CLANG_WARN_OBJC_ROOT_CLASS = YES_ERROR;
				CLANG_WARN_QUOTED_INCLUDE_IN_FRAMEWORK_HEADER = YES;
				CLANG_WARN_RANGE_LOOP_ANALYSIS = YES;
				CLANG_WARN_STRICT_PROTOTYPES = YES;
				CLANG_WARN_SUSPICIOUS_MOVE = YES;
				CLANG_WARN_UNGUARDED_AVAILABILITY = YES_AGGRESSIVE;
				CLANG_WARN_UNREACHABLE_CODE = YES;
				CLANG_WARN__DUPLICATE_METHOD_MATCH = YES;
				COPY_PHASE_STRIP = NO;
				DEBUG_INFORMATION_FORMAT = dwarf;
				ENABLE_STRICT_OBJC_MSGSEND = YES;
				ENABLE_TESTABILITY = YES;
				GCC_C_LANGUAGE_STANDARD = gnu11;
				GCC_DYNAMIC_NO_PIC = NO;
				GCC_NO_COMMON_BLOCKS = YES;
				GCC_OPTIMIZATION_LEVEL = 0;
				GCC_PREPROCESSOR_DEFINITIONS = (
					"DEBUG=1",
					"$(inherited)",
				);
				GCC_WARN_64_TO_32_BIT_CONVERSION = YES;
				GCC_WARN_ABOUT_RETURN_TYPE = YES_ERROR;
				GCC_WARN_UNDECLARED_SELECTOR = YES;
				GCC_WARN_UNINITIALIZED_AUTOS = YES_AGGRESSIVE;
				GCC_WARN_UNUSED_FUNCTION = YES;
				GCC_WARN_UNUSED_VARIABLE = YES;
				IPHONEOS_DEPLOYMENT_TARGET = 14.5;
				MTL_ENABLE_DEBUG_INFO = INCLUDE_SOURCE;
				MTL_FAST_MATH = YES;
				ONLY_ACTIVE_ARCH = YES;
				SDKROOT = iphoneos;
				SWIFT_ACTIVE_COMPILATION_CONDITIONS = DEBUG;
				SWIFT_OPTIMIZATION_LEVEL = "-Onone";
			};
			name = Debug;
		};
		32CB569227146725009C95D9 /* Release */ = {
			isa = XCBuildConfiguration;
			buildSettings = {
				ALWAYS_SEARCH_USER_PATHS = NO;
				CLANG_ANALYZER_NONNULL = YES;
				CLANG_ANALYZER_NUMBER_OBJECT_CONVERSION = YES_AGGRESSIVE;
				CLANG_CXX_LANGUAGE_STANDARD = "gnu++14";
				CLANG_CXX_LIBRARY = "libc++";
				CLANG_ENABLE_MODULES = YES;
				CLANG_ENABLE_OBJC_ARC = YES;
				CLANG_ENABLE_OBJC_WEAK = YES;
				CLANG_WARN_BLOCK_CAPTURE_AUTORELEASING = YES;
				CLANG_WARN_BOOL_CONVERSION = YES;
				CLANG_WARN_COMMA = YES;
				CLANG_WARN_CONSTANT_CONVERSION = YES;
				CLANG_WARN_DEPRECATED_OBJC_IMPLEMENTATIONS = YES;
				CLANG_WARN_DIRECT_OBJC_ISA_USAGE = YES_ERROR;
				CLANG_WARN_DOCUMENTATION_COMMENTS = YES;
				CLANG_WARN_EMPTY_BODY = YES;
				CLANG_WARN_ENUM_CONVERSION = YES;
				CLANG_WARN_INFINITE_RECURSION = YES;
				CLANG_WARN_INT_CONVERSION = YES;
				CLANG_WARN_NON_LITERAL_NULL_CONVERSION = YES;
				CLANG_WARN_OBJC_IMPLICIT_RETAIN_SELF = YES;
				CLANG_WARN_OBJC_LITERAL_CONVERSION = YES;
				CLANG_WARN_OBJC_ROOT_CLASS = YES_ERROR;
				CLANG_WARN_QUOTED_INCLUDE_IN_FRAMEWORK_HEADER = YES;
				CLANG_WARN_RANGE_LOOP_ANALYSIS = YES;
				CLANG_WARN_STRICT_PROTOTYPES = YES;
				CLANG_WARN_SUSPICIOUS_MOVE = YES;
				CLANG_WARN_UNGUARDED_AVAILABILITY = YES_AGGRESSIVE;
				CLANG_WARN_UNREACHABLE_CODE = YES;
				CLANG_WARN__DUPLICATE_METHOD_MATCH = YES;
				COPY_PHASE_STRIP = NO;
				DEBUG_INFORMATION_FORMAT = "dwarf-with-dsym";
				ENABLE_NS_ASSERTIONS = NO;
				ENABLE_STRICT_OBJC_MSGSEND = YES;
				GCC_C_LANGUAGE_STANDARD = gnu11;
				GCC_NO_COMMON_BLOCKS = YES;
				GCC_WARN_64_TO_32_BIT_CONVERSION = YES;
				GCC_WARN_ABOUT_RETURN_TYPE = YES_ERROR;
				GCC_WARN_UNDECLARED_SELECTOR = YES;
				GCC_WARN_UNINITIALIZED_AUTOS = YES_AGGRESSIVE;
				GCC_WARN_UNUSED_FUNCTION = YES;
				GCC_WARN_UNUSED_VARIABLE = YES;
				IPHONEOS_DEPLOYMENT_TARGET = 14.5;
				MTL_ENABLE_DEBUG_INFO = NO;
				MTL_FAST_MATH = YES;
				SDKROOT = iphoneos;
				SWIFT_COMPILATION_MODE = wholemodule;
				SWIFT_OPTIMIZATION_LEVEL = "-O";
				VALIDATE_PRODUCT = YES;
			};
			name = Release;
		};
		32CB569427146725009C95D9 /* Debug */ = {
			isa = XCBuildConfiguration;
			buildSettings = {
				ASSETCATALOG_COMPILER_APPICON_NAME = AppIcon;
				ASSETCATALOG_COMPILER_GLOBAL_ACCENT_COLOR_NAME = AccentColor;
				CODE_SIGN_IDENTITY = "Apple Development";
				CODE_SIGN_STYLE = Automatic;
				DEVELOPMENT_ASSET_PATHS = "\"Scrumdinger/Preview Content\"";
				DEVELOPMENT_TEAM = H9BCD8YJMP;
				ENABLE_PREVIEWS = YES;
				INFOPLIST_FILE = Scrumdinger/Info.plist;
				IPHONEOS_DEPLOYMENT_TARGET = 14.0;
				LD_RUNPATH_SEARCH_PATHS = (
					"$(inherited)",
					"@executable_path/Frameworks",
				);
				PRODUCT_BUNDLE_IDENTIFIER = com.example.Scrumdinger;
				PRODUCT_NAME = "$(TARGET_NAME)";
				PROVISIONING_PROFILE_SPECIFIER = "";
				SWIFT_VERSION = 5.0;
				TARGETED_DEVICE_FAMILY = "1,2";
			};
			name = Debug;
		};
		32CB569527146725009C95D9 /* Release */ = {
			isa = XCBuildConfiguration;
			buildSettings = {
				ASSETCATALOG_COMPILER_APPICON_NAME = AppIcon;
				ASSETCATALOG_COMPILER_GLOBAL_ACCENT_COLOR_NAME = AccentColor;
				CODE_SIGN_IDENTITY = "Apple Development";
				CODE_SIGN_STYLE = Automatic;
				DEVELOPMENT_ASSET_PATHS = "\"Scrumdinger/Preview Content\"";
				DEVELOPMENT_TEAM = H9BCD8YJMP;
				ENABLE_PREVIEWS = YES;
				INFOPLIST_FILE = Scrumdinger/Info.plist;
				IPHONEOS_DEPLOYMENT_TARGET = 14.0;
				LD_RUNPATH_SEARCH_PATHS = (
					"$(inherited)",
					"@executable_path/Frameworks",
				);
				PRODUCT_BUNDLE_IDENTIFIER = com.example.Scrumdinger;
				PRODUCT_NAME = "$(TARGET_NAME)";
				PROVISIONING_PROFILE_SPECIFIER = "";
				SWIFT_VERSION = 5.0;
				TARGETED_DEVICE_FAMILY = "1,2";
			};
			name = Release;
		};
		32CB569727146725009C95D9 /* Debug */ = {
			isa = XCBuildConfiguration;
			buildSettings = {
				ALWAYS_EMBED_SWIFT_STANDARD_LIBRARIES = YES;
				BUNDLE_LOADER = "$(TEST_HOST)";
				CODE_SIGN_STYLE = Automatic;
				INFOPLIST_FILE = ScrumdingerTests/Info.plist;
				IPHONEOS_DEPLOYMENT_TARGET = 14.0;
				LD_RUNPATH_SEARCH_PATHS = (
					"$(inherited)",
					"@executable_path/Frameworks",
					"@loader_path/Frameworks",
				);
				PRODUCT_BUNDLE_IDENTIFIER = com.example.ScrumdingerTests;
				PRODUCT_NAME = "$(TARGET_NAME)";
				SWIFT_VERSION = 5.0;
				TARGETED_DEVICE_FAMILY = "1,2";
				TEST_HOST = "$(BUILT_PRODUCTS_DIR)/Scrumdinger.app/Scrumdinger";
			};
			name = Debug;
		};
		32CB569827146725009C95D9 /* Release */ = {
			isa = XCBuildConfiguration;
			buildSettings = {
				ALWAYS_EMBED_SWIFT_STANDARD_LIBRARIES = YES;
				BUNDLE_LOADER = "$(TEST_HOST)";
				CODE_SIGN_STYLE = Automatic;
				INFOPLIST_FILE = ScrumdingerTests/Info.plist;
				IPHONEOS_DEPLOYMENT_TARGET = 14.0;
				LD_RUNPATH_SEARCH_PATHS = (
					"$(inherited)",
					"@executable_path/Frameworks",
					"@loader_path/Frameworks",
				);
				PRODUCT_BUNDLE_IDENTIFIER = com.example.ScrumdingerTests;
				PRODUCT_NAME = "$(TARGET_NAME)";
				SWIFT_VERSION = 5.0;
				TARGETED_DEVICE_FAMILY = "1,2";
				TEST_HOST = "$(BUILT_PRODUCTS_DIR)/Scrumdinger.app/Scrumdinger";
			};
			name = Release;
		};
		32CB569A27146725009C95D9 /* Debug */ = {
			isa = XCBuildConfiguration;
			buildSettings = {
				ALWAYS_EMBED_SWIFT_STANDARD_LIBRARIES = YES;
				CODE_SIGN_STYLE = Automatic;
				INFOPLIST_FILE = ScrumdingerUITests/Info.plist;
				LD_RUNPATH_SEARCH_PATHS = (
					"$(inherited)",
					"@executable_path/Frameworks",
					"@loader_path/Frameworks",
				);
				PRODUCT_BUNDLE_IDENTIFIER = com.example.ScrumdingerUITests;
				PRODUCT_NAME = "$(TARGET_NAME)";
				SWIFT_VERSION = 5.0;
				TARGETED_DEVICE_FAMILY = "1,2";
				TEST_TARGET_NAME = Scrumdinger;
			};
			name = Debug;
		};
		32CB569B27146725009C95D9 /* Release */ = {
			isa = XCBuildConfiguration;
			buildSettings = {
				ALWAYS_EMBED_SWIFT_STANDARD_LIBRARIES = YES;
				CODE_SIGN_STYLE = Automatic;
				INFOPLIST_FILE = ScrumdingerUITests/Info.plist;
				LD_RUNPATH_SEARCH_PATHS = (
					"$(inherited)",
					"@executable_path/Frameworks",
					"@loader_path/Frameworks",
				);
				PRODUCT_BUNDLE_IDENTIFIER = com.example.ScrumdingerUITests;
				PRODUCT_NAME = "$(TARGET_NAME)";
				SWIFT_VERSION = 5.0;
				TARGETED_DEVICE_FAMILY = "1,2";
				TEST_TARGET_NAME = Scrumdinger;
			};
			name = Release;
		};
/* End XCBuildConfiguration section */

/* Begin XCConfigurationList section */
		32CB566927146723009C95D9 /* Build configuration list for PBXProject "Scrumdinger" */ = {
			isa = XCConfigurationList;
			buildConfigurations = (
				32CB569127146725009C95D9 /* Debug */,
				32CB569227146725009C95D9 /* Release */,
			);
			defaultConfigurationIsVisible = 0;
			defaultConfigurationName = Release;
		};
		32CB569327146725009C95D9 /* Build configuration list for PBXNativeTarget "Scrumdinger" */ = {
			isa = XCConfigurationList;
			buildConfigurations = (
				32CB569427146725009C95D9 /* Debug */,
				32CB569527146725009C95D9 /* Release */,
			);
			defaultConfigurationIsVisible = 0;
			defaultConfigurationName = Release;
		};
		32CB569627146725009C95D9 /* Build configuration list for PBXNativeTarget "ScrumdingerTests" */ = {
			isa = XCConfigurationList;
			buildConfigurations = (
				32CB569727146725009C95D9 /* Debug */,
				32CB569827146725009C95D9 /* Release */,
			);
			defaultConfigurationIsVisible = 0;
			defaultConfigurationName = Release;
		};
		32CB569927146725009C95D9 /* Build configuration list for PBXNativeTarget "ScrumdingerUITests" */ = {
			isa = XCConfigurationList;
			buildConfigurations = (
				32CB569A27146725009C95D9 /* Debug */,
				32CB569B27146725009C95D9 /* Release */,
			);
			defaultConfigurationIsVisible = 0;
			defaultConfigurationName = Release;
		};
/* End XCConfigurationList section */
	};
	rootObject = 32CB566627146723009C95D9 /* Project object */;
}
